// !$*UTF8*$!
{
	archiveVersion = 1;
	classes = {
	};
	objectVersion = 50;
	objects = {

/* Begin PBXBuildFile section */
		8E18771D20E113810083A941 /* AppDelegate.m in Sources */ = {isa = PBXBuildFile; fileRef = 8E18771C20E113810083A941 /* AppDelegate.m */; };
		8E18772020E113810083A941 /* ViewController.m in Sources */ = {isa = PBXBuildFile; fileRef = 8E18771F20E113810083A941 /* ViewController.m */; };
		8E18772320E113810083A941 /* Main.storyboard in Resources */ = {isa = PBXBuildFile; fileRef = 8E18772120E113810083A941 /* Main.storyboard */; };
		8E18772520E113840083A941 /* Assets.xcassets in Resources */ = {isa = PBXBuildFile; fileRef = 8E18772420E113840083A941 /* Assets.xcassets */; };
		8E18772820E113840083A941 /* LaunchScreen.storyboard in Resources */ = {isa = PBXBuildFile; fileRef = 8E18772620E113840083A941 /* LaunchScreen.storyboard */; };
		8E18772B20E113840083A941 /* main.m in Sources */ = {isa = PBXBuildFile; fileRef = 8E18772A20E113840083A941 /* main.m */; };
		8E18773520E113840083A941 /* FJUtilsTests.m in Sources */ = {isa = PBXBuildFile; fileRef = 8E18773420E113840083A941 /* FJUtilsTests.m */; };
		8E18774020E113840083A941 /* FJUtilsUITests.m in Sources */ = {isa = PBXBuildFile; fileRef = 8E18773F20E113840083A941 /* FJUtilsUITests.m */; };
		8E18775620E1226E0083A941 /* StoryboardUtils.m in Sources */ = {isa = PBXBuildFile; fileRef = 8E18775420E1226E0083A941 /* StoryboardUtils.m */; };
/* End PBXBuildFile section */

/* Begin PBXContainerItemProxy section */
		8E18773120E113840083A941 /* PBXContainerItemProxy */ = {
			isa = PBXContainerItemProxy;
			containerPortal = 8E18771020E113810083A941 /* Project object */;
			proxyType = 1;
			remoteGlobalIDString = 8E18771720E113810083A941;
			remoteInfo = FJUtils;
		};
		8E18773C20E113840083A941 /* PBXContainerItemProxy */ = {
			isa = PBXContainerItemProxy;
			containerPortal = 8E18771020E113810083A941 /* Project object */;
			proxyType = 1;
			remoteGlobalIDString = 8E18771720E113810083A941;
			remoteInfo = FJUtils;
		};
/* End PBXContainerItemProxy section */

/* Begin PBXFileReference section */
		8E18771820E113810083A941 /* FJUtils.app */ = {isa = PBXFileReference; explicitFileType = wrapper.application; includeInIndex = 0; path = FJUtils.app; sourceTree = BUILT_PRODUCTS_DIR; };
		8E18771B20E113810083A941 /* AppDelegate.h */ = {isa = PBXFileReference; lastKnownFileType = sourcecode.c.h; path = AppDelegate.h; sourceTree = "<group>"; };
		8E18771C20E113810083A941 /* AppDelegate.m */ = {isa = PBXFileReference; lastKnownFileType = sourcecode.c.objc; path = AppDelegate.m; sourceTree = "<group>"; };
		8E18771E20E113810083A941 /* ViewController.h */ = {isa = PBXFileReference; lastKnownFileType = sourcecode.c.h; path = ViewController.h; sourceTree = "<group>"; };
		8E18771F20E113810083A941 /* ViewController.m */ = {isa = PBXFileReference; lastKnownFileType = sourcecode.c.objc; path = ViewController.m; sourceTree = "<group>"; };
		8E18772220E113810083A941 /* Base */ = {isa = PBXFileReference; lastKnownFileType = file.storyboard; name = Base; path = Base.lproj/Main.storyboard; sourceTree = "<group>"; };
		8E18772420E113840083A941 /* Assets.xcassets */ = {isa = PBXFileReference; lastKnownFileType = folder.assetcatalog; path = Assets.xcassets; sourceTree = "<group>"; };
		8E18772720E113840083A941 /* Base */ = {isa = PBXFileReference; lastKnownFileType = file.storyboard; name = Base; path = Base.lproj/LaunchScreen.storyboard; sourceTree = "<group>"; };
		8E18772920E113840083A941 /* Info.plist */ = {isa = PBXFileReference; lastKnownFileType = text.plist.xml; path = Info.plist; sourceTree = "<group>"; };
		8E18772A20E113840083A941 /* main.m */ = {isa = PBXFileReference; lastKnownFileType = sourcecode.c.objc; path = main.m; sourceTree = "<group>"; };
		8E18773020E113840083A941 /* FJUtilsTests.xctest */ = {isa = PBXFileReference; explicitFileType = wrapper.cfbundle; includeInIndex = 0; path = FJUtilsTests.xctest; sourceTree = BUILT_PRODUCTS_DIR; };
		8E18773420E113840083A941 /* FJUtilsTests.m */ = {isa = PBXFileReference; lastKnownFileType = sourcecode.c.objc; path = FJUtilsTests.m; sourceTree = "<group>"; };
		8E18773620E113840083A941 /* Info.plist */ = {isa = PBXFileReference; lastKnownFileType = text.plist.xml; path = Info.plist; sourceTree = "<group>"; };
		8E18773B20E113840083A941 /* FJUtilsUITests.xctest */ = {isa = PBXFileReference; explicitFileType = wrapper.cfbundle; includeInIndex = 0; path = FJUtilsUITests.xctest; sourceTree = BUILT_PRODUCTS_DIR; };
		8E18773F20E113840083A941 /* FJUtilsUITests.m */ = {isa = PBXFileReference; lastKnownFileType = sourcecode.c.objc; path = FJUtilsUITests.m; sourceTree = "<group>"; };
		8E18774120E113840083A941 /* Info.plist */ = {isa = PBXFileReference; lastKnownFileType = text.plist.xml; path = Info.plist; sourceTree = "<group>"; };
		8E18775420E1226E0083A941 /* StoryboardUtils.m */ = {isa = PBXFileReference; fileEncoding = 4; lastKnownFileType = sourcecode.c.objc; path = StoryboardUtils.m; sourceTree = "<group>"; };
		8E18775520E1226E0083A941 /* StoryboardUtils.h */ = {isa = PBXFileReference; fileEncoding = 4; lastKnownFileType = sourcecode.c.h; path = StoryboardUtils.h; sourceTree = "<group>"; };
		8E18775720E122730083A941 /* FJUtils.h */ = {isa = PBXFileReference; lastKnownFileType = sourcecode.c.h; path = FJUtils.h; sourceTree = "<group>"; };
/* End PBXFileReference section */

/* Begin PBXFrameworksBuildPhase section */
		8E18771520E113810083A941 /* Frameworks */ = {
			isa = PBXFrameworksBuildPhase;
			buildActionMask = 2147483647;
			files = (
			);
			runOnlyForDeploymentPostprocessing = 0;
		};
		8E18772D20E113840083A941 /* Frameworks */ = {
			isa = PBXFrameworksBuildPhase;
			buildActionMask = 2147483647;
			files = (
			);
			runOnlyForDeploymentPostprocessing = 0;
		};
		8E18773820E113840083A941 /* Frameworks */ = {
			isa = PBXFrameworksBuildPhase;
			buildActionMask = 2147483647;
			files = (
			);
			runOnlyForDeploymentPostprocessing = 0;
		};
/* End PBXFrameworksBuildPhase section */

/* Begin PBXGroup section */
		8E18770F20E113810083A941 = {
			isa = PBXGroup;
			children = (
				8E18771A20E113810083A941 /* FJUtils */,
				8E18773320E113840083A941 /* FJUtilsTests */,
				8E18773E20E113840083A941 /* FJUtilsUITests */,
				8E18771920E113810083A941 /* Products */,
			);
			sourceTree = "<group>";
		};
		8E18771920E113810083A941 /* Products */ = {
			isa = PBXGroup;
			children = (
				8E18771820E113810083A941 /* FJUtils.app */,
				8E18773020E113840083A941 /* FJUtilsTests.xctest */,
				8E18773B20E113840083A941 /* FJUtilsUITests.xctest */,
			);
			name = Products;
			sourceTree = "<group>";
		};
		8E18771A20E113810083A941 /* FJUtils */ = {
			isa = PBXGroup;
			children = (
				8E18775720E122730083A941 /* FJUtils.h */,
				8E18775320E1226E0083A941 /* Storyboard */,
				8E18771B20E113810083A941 /* AppDelegate.h */,
				8E18771C20E113810083A941 /* AppDelegate.m */,
				8E18771E20E113810083A941 /* ViewController.h */,
				8E18771F20E113810083A941 /* ViewController.m */,
				8E18772120E113810083A941 /* Main.storyboard */,
				8E18772420E113840083A941 /* Assets.xcassets */,
				8E18772620E113840083A941 /* LaunchScreen.storyboard */,
				8E18772920E113840083A941 /* Info.plist */,
				8E18772A20E113840083A941 /* main.m */,
			);
			path = FJUtils;
			sourceTree = "<group>";
		};
		8E18773320E113840083A941 /* FJUtilsTests */ = {
			isa = PBXGroup;
			children = (
				8E18773420E113840083A941 /* FJUtilsTests.m */,
				8E18773620E113840083A941 /* Info.plist */,
			);
			path = FJUtilsTests;
			sourceTree = "<group>";
		};
		8E18773E20E113840083A941 /* FJUtilsUITests */ = {
			isa = PBXGroup;
			children = (
				8E18773F20E113840083A941 /* FJUtilsUITests.m */,
				8E18774120E113840083A941 /* Info.plist */,
			);
			path = FJUtilsUITests;
			sourceTree = "<group>";
		};
		8E18775320E1226E0083A941 /* Storyboard */ = {
			isa = PBXGroup;
			children = (
				8E18775420E1226E0083A941 /* StoryboardUtils.m */,
				8E18775520E1226E0083A941 /* StoryboardUtils.h */,
			);
			path = Storyboard;
			sourceTree = "<group>";
		};
/* End PBXGroup section */

/* Begin PBXNativeTarget section */
		8E18771720E113810083A941 /* FJUtils */ = {
			isa = PBXNativeTarget;
			buildConfigurationList = 8E18774420E113840083A941 /* Build configuration list for PBXNativeTarget "FJUtils" */;
			buildPhases = (
				8E18771420E113810083A941 /* Sources */,
				8E18771520E113810083A941 /* Frameworks */,
				8E18771620E113810083A941 /* Resources */,
			);
			buildRules = (
			);
			dependencies = (
			);
			name = FJUtils;
			productName = FJUtils;
			productReference = 8E18771820E113810083A941 /* FJUtils.app */;
			productType = "com.apple.product-type.application";
		};
		8E18772F20E113840083A941 /* FJUtilsTests */ = {
			isa = PBXNativeTarget;
			buildConfigurationList = 8E18774720E113840083A941 /* Build configuration list for PBXNativeTarget "FJUtilsTests" */;
			buildPhases = (
				8E18772C20E113840083A941 /* Sources */,
				8E18772D20E113840083A941 /* Frameworks */,
				8E18772E20E113840083A941 /* Resources */,
			);
			buildRules = (
			);
			dependencies = (
				8E18773220E113840083A941 /* PBXTargetDependency */,
			);
			name = FJUtilsTests;
			productName = FJUtilsTests;
			productReference = 8E18773020E113840083A941 /* FJUtilsTests.xctest */;
			productType = "com.apple.product-type.bundle.unit-test";
		};
		8E18773A20E113840083A941 /* FJUtilsUITests */ = {
			isa = PBXNativeTarget;
			buildConfigurationList = 8E18774A20E113840083A941 /* Build configuration list for PBXNativeTarget "FJUtilsUITests" */;
			buildPhases = (
				8E18773720E113840083A941 /* Sources */,
				8E18773820E113840083A941 /* Frameworks */,
				8E18773920E113840083A941 /* Resources */,
			);
			buildRules = (
			);
			dependencies = (
				8E18773D20E113840083A941 /* PBXTargetDependency */,
			);
			name = FJUtilsUITests;
			productName = FJUtilsUITests;
			productReference = 8E18773B20E113840083A941 /* FJUtilsUITests.xctest */;
			productType = "com.apple.product-type.bundle.ui-testing";
		};
/* End PBXNativeTarget section */

/* Begin PBXProject section */
		8E18771020E113810083A941 /* Project object */ = {
			isa = PBXProject;
			attributes = {
				LastUpgradeCheck = 0940;
				ORGANIZATIONNAME = KFJ;
				TargetAttributes = {
					8E18771720E113810083A941 = {
						CreatedOnToolsVersion = 9.4;
					};
					8E18772F20E113840083A941 = {
						CreatedOnToolsVersion = 9.4;
						TestTargetID = 8E18771720E113810083A941;
					};
					8E18773A20E113840083A941 = {
						CreatedOnToolsVersion = 9.4;
						TestTargetID = 8E18771720E113810083A941;
					};
				};
			};
			buildConfigurationList = 8E18771320E113810083A941 /* Build configuration list for PBXProject "FJUtils" */;
			compatibilityVersion = "Xcode 9.3";
			developmentRegion = en;
			hasScannedForEncodings = 0;
			knownRegions = (
				en,
				Base,
			);
			mainGroup = 8E18770F20E113810083A941;
			productRefGroup = 8E18771920E113810083A941 /* Products */;
			projectDirPath = "";
			projectRoot = "";
			targets = (
				8E18771720E113810083A941 /* FJUtils */,
				8E18772F20E113840083A941 /* FJUtilsTests */,
				8E18773A20E113840083A941 /* FJUtilsUITests */,
			);
		};
/* End PBXProject section */

/* Begin PBXResourcesBuildPhase section */
		8E18771620E113810083A941 /* Resources */ = {
			isa = PBXResourcesBuildPhase;
			buildActionMask = 2147483647;
			files = (
				8E18772820E113840083A941 /* LaunchScreen.storyboard in Resources */,
				8E18772520E113840083A941 /* Assets.xcassets in Resources */,
				8E18772320E113810083A941 /* Main.storyboard in Resources */,
			);
			runOnlyForDeploymentPostprocessing = 0;
		};
		8E18772E20E113840083A941 /* Resources */ = {
			isa = PBXResourcesBuildPhase;
			buildActionMask = 2147483647;
			files = (
			);
			runOnlyForDeploymentPostprocessing = 0;
		};
		8E18773920E113840083A941 /* Resources */ = {
			isa = PBXResourcesBuildPhase;
			buildActionMask = 2147483647;
			files = (
			);
			runOnlyForDeploymentPostprocessing = 0;
		};
/* End PBXResourcesBuildPhase section */

/* Begin PBXSourcesBuildPhase section */
		8E18771420E113810083A941 /* Sources */ = {
			isa = PBXSourcesBuildPhase;
			buildActionMask = 2147483647;
			files = (
				8E18772020E113810083A941 /* ViewController.m in Sources */,
				8E18772B20E113840083A941 /* main.m in Sources */,
				8E18775620E1226E0083A941 /* StoryboardUtils.m in Sources */,
				8E18771D20E113810083A941 /* AppDelegate.m in Sources */,
			);
			runOnlyForDeploymentPostprocessing = 0;
		};
		8E18772C20E113840083A941 /* Sources */ = {
			isa = PBXSourcesBuildPhase;
			buildActionMask = 2147483647;
			files = (
				8E18773520E113840083A941 /* FJUtilsTests.m in Sources */,
			);
			runOnlyForDeploymentPostprocessing = 0;
		};
		8E18773720E113840083A941 /* Sources */ = {
			isa = PBXSourcesBuildPhase;
			buildActionMask = 2147483647;
			files = (
				8E18774020E113840083A941 /* FJUtilsUITests.m in Sources */,
			);
			runOnlyForDeploymentPostprocessing = 0;
		};
/* End PBXSourcesBuildPhase section */

/* Begin PBXTargetDependency section */
		8E18773220E113840083A941 /* PBXTargetDependency */ = {
			isa = PBXTargetDependency;
			target = 8E18771720E113810083A941 /* FJUtils */;
			targetProxy = 8E18773120E113840083A941 /* PBXContainerItemProxy */;
		};
		8E18773D20E113840083A941 /* PBXTargetDependency */ = {
			isa = PBXTargetDependency;
			target = 8E18771720E113810083A941 /* FJUtils */;
			targetProxy = 8E18773C20E113840083A941 /* PBXContainerItemProxy */;
		};
/* End PBXTargetDependency section */

/* Begin PBXVariantGroup section */
		8E18772120E113810083A941 /* Main.storyboard */ = {
			isa = PBXVariantGroup;
			children = (
				8E18772220E113810083A941 /* Base */,
			);
			name = Main.storyboard;
			sourceTree = "<group>";
		};
		8E18772620E113840083A941 /* LaunchScreen.storyboard */ = {
			isa = PBXVariantGroup;
			children = (
				8E18772720E113840083A941 /* Base */,
			);
			name = LaunchScreen.storyboard;
			sourceTree = "<group>";
		};
/* End PBXVariantGroup section */

/* Begin XCBuildConfiguration section */
		8E18774220E113840083A941 /* Debug */ = {
			isa = XCBuildConfiguration;
			buildSettings = {
				ALWAYS_SEARCH_USER_PATHS = NO;
				CLANG_ANALYZER_NONNULL = YES;
				CLANG_ANALYZER_NUMBER_OBJECT_CONVERSION = YES_AGGRESSIVE;
				CLANG_CXX_LANGUAGE_STANDARD = "gnu++14";
				CLANG_CXX_LIBRARY = "libc++";
				CLANG_ENABLE_MODULES = YES;
				CLANG_ENABLE_OBJC_ARC = YES;
				CLANG_ENABLE_OBJC_WEAK = YES;
				CLANG_WARN_BLOCK_CAPTURE_AUTORELEASING = YES;
				CLANG_WARN_BOOL_CONVERSION = YES;
				CLANG_WARN_COMMA = YES;
				CLANG_WARN_CONSTANT_CONVERSION = YES;
				CLANG_WARN_DEPRECATED_OBJC_IMPLEMENTATIONS = YES;
				CLANG_WARN_DIRECT_OBJC_ISA_USAGE = YES_ERROR;
				CLANG_WARN_DOCUMENTATION_COMMENTS = YES;
				CLANG_WARN_EMPTY_BODY = YES;
				CLANG_WARN_ENUM_CONVERSION = YES;
				CLANG_WARN_INFINITE_RECURSION = YES;
				CLANG_WARN_INT_CONVERSION = YES;
				CLANG_WARN_NON_LITERAL_NULL_CONVERSION = YES;
				CLANG_WARN_OBJC_IMPLICIT_RETAIN_SELF = YES;
				CLANG_WARN_OBJC_LITERAL_CONVERSION = YES;
				CLANG_WARN_OBJC_ROOT_CLASS = YES_ERROR;
				CLANG_WARN_RANGE_LOOP_ANALYSIS = YES;
				CLANG_WARN_STRICT_PROTOTYPES = YES;
				CLANG_WARN_SUSPICIOUS_MOVE = YES;
				CLANG_WARN_UNGUARDED_AVAILABILITY = YES_AGGRESSIVE;
				CLANG_WARN_UNREACHABLE_CODE = YES;
				CLANG_WARN__DUPLICATE_METHOD_MATCH = YES;
				CODE_SIGN_IDENTITY = "iPhone Developer";
				COPY_PHASE_STRIP = NO;
				DEBUG_INFORMATION_FORMAT = dwarf;
				ENABLE_STRICT_OBJC_MSGSEND = YES;
				ENABLE_TESTABILITY = YES;
				GCC_C_LANGUAGE_STANDARD = gnu11;
				GCC_DYNAMIC_NO_PIC = NO;
				GCC_NO_COMMON_BLOCKS = YES;
				GCC_OPTIMIZATION_LEVEL = 0;
				GCC_PREPROCESSOR_DEFINITIONS = (
					"DEBUG=1",
					"$(inherited)",
				);
				GCC_WARN_64_TO_32_BIT_CONVERSION = YES;
				GCC_WARN_ABOUT_RETURN_TYPE = YES_ERROR;
				GCC_WARN_UNDECLARED_SELECTOR = YES;
				GCC_WARN_UNINITIALIZED_AUTOS = YES_AGGRESSIVE;
				GCC_WARN_UNUSED_FUNCTION = YES;
				GCC_WARN_UNUSED_VARIABLE = YES;
				IPHONEOS_DEPLOYMENT_TARGET = 11.4;
				MTL_ENABLE_DEBUG_INFO = YES;
				ONLY_ACTIVE_ARCH = YES;
				SDKROOT = iphoneos;
			};
			name = Debug;
		};
		8E18774320E113840083A941 /* Release */ = {
			isa = XCBuildConfiguration;
			buildSettings = {
				ALWAYS_SEARCH_USER_PATHS = NO;
				CLANG_ANALYZER_NONNULL = YES;
				CLANG_ANALYZER_NUMBER_OBJECT_CONVERSION = YES_AGGRESSIVE;
				CLANG_CXX_LANGUAGE_STANDARD = "gnu++14";
				CLANG_CXX_LIBRARY = "libc++";
				CLANG_ENABLE_MODULES = YES;
				CLANG_ENABLE_OBJC_ARC = YES;
				CLANG_ENABLE_OBJC_WEAK = YES;
				CLANG_WARN_BLOCK_CAPTURE_AUTORELEASING = YES;
				CLANG_WARN_BOOL_CONVERSION = YES;
				CLANG_WARN_COMMA = YES;
				CLANG_WARN_CONSTANT_CONVERSION = YES;
				CLANG_WARN_DEPRECATED_OBJC_IMPLEMENTATIONS = YES;
				CLANG_WARN_DIRECT_OBJC_ISA_USAGE = YES_ERROR;
				CLANG_WARN_DOCUMENTATION_COMMENTS = YES;
				CLANG_WARN_EMPTY_BODY = YES;
				CLANG_WARN_ENUM_CONVERSION = YES;
				CLANG_WARN_INFINITE_RECURSION = YES;
				CLANG_WARN_INT_CONVERSION = YES;
				CLANG_WARN_NON_LITERAL_NULL_CONVERSION = YES;
				CLANG_WARN_OBJC_IMPLICIT_RETAIN_SELF = YES;
				CLANG_WARN_OBJC_LITERAL_CONVERSION = YES;
				CLANG_WARN_OBJC_ROOT_CLASS = YES_ERROR;
				CLANG_WARN_RANGE_LOOP_ANALYSIS = YES;
				CLANG_WARN_STRICT_PROTOTYPES = YES;
				CLANG_WARN_SUSPICIOUS_MOVE = YES;
				CLANG_WARN_UNGUARDED_AVAILABILITY = YES_AGGRESSIVE;
				CLANG_WARN_UNREACHABLE_CODE = YES;
				CLANG_WARN__DUPLICATE_METHOD_MATCH = YES;
				CODE_SIGN_IDENTITY = "iPhone Developer";
				COPY_PHASE_STRIP = NO;
				DEBUG_INFORMATION_FORMAT = "dwarf-with-dsym";
				ENABLE_NS_ASSERTIONS = NO;
				ENABLE_STRICT_OBJC_MSGSEND = YES;
				GCC_C_LANGUAGE_STANDARD = gnu11;
				GCC_NO_COMMON_BLOCKS = YES;
				GCC_WARN_64_TO_32_BIT_CONVERSION = YES;
				GCC_WARN_ABOUT_RETURN_TYPE = YES_ERROR;
				GCC_WARN_UNDECLARED_SELECTOR = YES;
				GCC_WARN_UNINITIALIZED_AUTOS = YES_AGGRESSIVE;
				GCC_WARN_UNUSED_FUNCTION = YES;
				GCC_WARN_UNUSED_VARIABLE = YES;
				IPHONEOS_DEPLOYMENT_TARGET = 11.4;
				MTL_ENABLE_DEBUG_INFO = NO;
				SDKROOT = iphoneos;
				VALIDATE_PRODUCT = YES;
			};
			name = Release;
		};
		8E18774520E113840083A941 /* Debug */ = {
			isa = XCBuildConfiguration;
			buildSettings = {
				ASSETCATALOG_COMPILER_APPICON_NAME = AppIcon;
				CODE_SIGN_STYLE = Automatic;
				DEVELOPMENT_TEAM = K95BRJ2RRY;
				INFOPLIST_FILE = FJUtils/Info.plist;
				LD_RUNPATH_SEARCH_PATHS = (
					"$(inherited)",
					"@executable_path/Frameworks",
				);
				PRODUCT_BUNDLE_IDENTIFIER = KONGFANJI.FJUtils;
				PRODUCT_NAME = "$(TARGET_NAME)";
				TARGETED_DEVICE_FAMILY = "1,2";
			};
			name = Debug;
		};
		8E18774620E113840083A941 /* Release */ = {
			isa = XCBuildConfiguration;
			buildSettings = {
				ASSETCATALOG_COMPILER_APPICON_NAME = AppIcon;
				CODE_SIGN_STYLE = Automatic;
				DEVELOPMENT_TEAM = K95BRJ2RRY;
				INFOPLIST_FILE = FJUtils/Info.plist;
				LD_RUNPATH_SEARCH_PATHS = (
					"$(inherited)",
					"@executable_path/Frameworks",
				);
				PRODUCT_BUNDLE_IDENTIFIER = KONGFANJI.FJUtils;
				PRODUCT_NAME = "$(TARGET_NAME)";
				TARGETED_DEVICE_FAMILY = "1,2";
			};
			name = Release;
		};
		8E18774820E113840083A941 /* Debug */ = {
			isa = XCBuildConfiguration;
			buildSettings = {
				BUNDLE_LOADER = "$(TEST_HOST)";
				CODE_SIGN_STYLE = Automatic;
				DEVELOPMENT_TEAM = K95BRJ2RRY;
				INFOPLIST_FILE = FJUtilsTests/Info.plist;
				LD_RUNPATH_SEARCH_PATHS = (
					"$(inherited)",
					"@executable_path/Frameworks",
					"@loader_path/Frameworks",
				);
				PRODUCT_BUNDLE_IDENTIFIER = KONGFANJI.FJUtilsTests;
				PRODUCT_NAME = "$(TARGET_NAME)";
				TARGETED_DEVICE_FAMILY = "1,2";
				TEST_HOST = "$(BUILT_PRODUCTS_DIR)/FJUtils.app/FJUtils";
			};
			name = Debug;
		};
		8E18774920E113840083A941 /* Release */ = {
			isa = XCBuildConfiguration;
			buildSettings = {
				BUNDLE_LOADER = "$(TEST_HOST)";
				CODE_SIGN_STYLE = Automatic;
				DEVELOPMENT_TEAM = K95BRJ2RRY;
				INFOPLIST_FILE = FJUtilsTests/Info.plist;
				LD_RUNPATH_SEARCH_PATHS = (
					"$(inherited)",
					"@executable_path/Frameworks",
					"@loader_path/Frameworks",
				);
				PRODUCT_BUNDLE_IDENTIFIER = KONGFANJI.FJUtilsTests;
				PRODUCT_NAME = "$(TARGET_NAME)";
				TARGETED_DEVICE_FAMILY = "1,2";
				TEST_HOST = "$(BUILT_PRODUCTS_DIR)/FJUtils.app/FJUtils";
			};
			name = Release;
		};
		8E18774B20E113840083A941 /* Debug */ = {
			isa = XCBuildConfiguration;
			buildSettings = {
				CODE_SIGN_STYLE = Automatic;
				DEVELOPMENT_TEAM = K95BRJ2RRY;
				INFOPLIST_FILE = FJUtilsUITests/Info.plist;
				LD_RUNPATH_SEARCH_PATHS = (
					"$(inherited)",
					"@executable_path/Frameworks",
					"@loader_path/Frameworks",
				);
				PRODUCT_BUNDLE_IDENTIFIER = KONGFANJI.FJUtilsUITests;
				PRODUCT_NAME = "$(TARGET_NAME)";
				TARGETED_DEVICE_FAMILY = "1,2";
				TEST_TARGET_NAME = FJUtils;
			};
			name = Debug;
		};
		8E18774C20E113840083A941 /* Release */ = {
			isa = XCBuildConfiguration;
			buildSettings = {
				CODE_SIGN_STYLE = Automatic;
				DEVELOPMENT_TEAM = K95BRJ2RRY;
				INFOPLIST_FILE = FJUtilsUITests/Info.plist;
				LD_RUNPATH_SEARCH_PATHS = (
					"$(inherited)",
					"@executable_path/Frameworks",
					"@loader_path/Frameworks",
				);
				PRODUCT_BUNDLE_IDENTIFIER = KONGFANJI.FJUtilsUITests;
				PRODUCT_NAME = "$(TARGET_NAME)";
				TARGETED_DEVICE_FAMILY = "1,2";
				TEST_TARGET_NAME = FJUtils;
			};
			name = Release;
		};
/* End XCBuildConfiguration section */

/* Begin XCConfigurationList section */
		8E18771320E113810083A941 /* Build configuration list for PBXProject "FJUtils" */ = {
			isa = XCConfigurationList;
			buildConfigurations = (
				8E18774220E113840083A941 /* Debug */,
				8E18774320E113840083A941 /* Release */,
			);
			defaultConfigurationIsVisible = 0;
			defaultConfigurationName = Release;
		};
		8E18774420E113840083A941 /* Build configuration list for PBXNativeTarget "FJUtils" */ = {
			isa = XCConfigurationList;
			buildConfigurations = (
				8E18774520E113840083A941 /* Debug */,
				8E18774620E113840083A941 /* Release */,
			);
			defaultConfigurationIsVisible = 0;
			defaultConfigurationName = Release;
		};
		8E18774720E113840083A941 /* Build configuration list for PBXNativeTarget "FJUtilsTests" */ = {
			isa = XCConfigurationList;
			buildConfigurations = (
				8E18774820E113840083A941 /* Debug */,
				8E18774920E113840083A941 /* Release */,
			);
			defaultConfigurationIsVisible = 0;
			defaultConfigurationName = Release;
		};
		8E18774A20E113840083A941 /* Build configuration list for PBXNativeTarget "FJUtilsUITests" */ = {
			isa = XCConfigurationList;
			buildConfigurations = (
				8E18774B20E113840083A941 /* Debug */,
				8E18774C20E113840083A941 /* Release */,
			);
			defaultConfigurationIsVisible = 0;
			defaultConfigurationName = Release;
		};
/* End XCConfigurationList section */
	};
	rootObject = 8E18771020E113810083A941 /* Project object */;
}
